// !$*UTF8*$!
{
	archiveVersion = 1;
	classes = {
	};
	objectVersion = 46;
	objects = {

/* Begin PBXBuildFile section */
		0FC858D217263270003A1672 /* UIKit.framework in Frameworks */ = {isa = PBXBuildFile; fileRef = 0FC858D117263270003A1672 /* UIKit.framework */; };
		0FC858D417263270003A1672 /* Foundation.framework in Frameworks */ = {isa = PBXBuildFile; fileRef = 0FC858D317263270003A1672 /* Foundation.framework */; };
		0FC858D617263270003A1672 /* CoreGraphics.framework in Frameworks */ = {isa = PBXBuildFile; fileRef = 0FC858D517263270003A1672 /* CoreGraphics.framework */; };
		0FC858DC17263270003A1672 /* InfoPlist.strings in Resources */ = {isa = PBXBuildFile; fileRef = 0FC858DA17263270003A1672 /* InfoPlist.strings */; };
		0FC858DE17263270003A1672 /* main.m in Sources */ = {isa = PBXBuildFile; fileRef = 0FC858DD17263270003A1672 /* main.m */; };
		0FC858E217263270003A1672 /* ibkAppDelegate.m in Sources */ = {isa = PBXBuildFile; fileRef = 0FC858E117263270003A1672 /* ibkAppDelegate.m */; };
		0FC858E417263270003A1672 /* Default.png in Resources */ = {isa = PBXBuildFile; fileRef = 0FC858E317263270003A1672 /* Default.png */; };
		0FC858E617263270003A1672 /* Default@2x.png in Resources */ = {isa = PBXBuildFile; fileRef = 0FC858E517263270003A1672 /* Default@2x.png */; };
		0FC858E817263270003A1672 /* Default-568h@2x.png in Resources */ = {isa = PBXBuildFile; fileRef = 0FC858E717263270003A1672 /* Default-568h@2x.png */; };
		0FC858EB17263270003A1672 /* ibkViewController.m in Sources */ = {isa = PBXBuildFile; fileRef = 0FC858EA17263270003A1672 /* ibkViewController.m */; };
		0FC858EE17263270003A1672 /* ibkViewController.xib in Resources */ = {isa = PBXBuildFile; fileRef = 0FC858EC17263270003A1672 /* ibkViewController.xib */; };
/* End PBXBuildFile section */

/* Begin PBXFileReference section */
		0FC858CE17263270003A1672 /* zhenpinghlun.app */ = {isa = PBXFileReference; explicitFileType = wrapper.application; includeInIndex = 0; path = zhenpinghlun.app; sourceTree = BUILT_PRODUCTS_DIR; };
		0FC858D117263270003A1672 /* UIKit.framework */ = {isa = PBXFileReference; lastKnownFileType = wrapper.framework; name = UIKit.framework; path = System/Library/Frameworks/UIKit.framework; sourceTree = SDKROOT; };
		0FC858D317263270003A1672 /* Foundation.framework */ = {isa = PBXFileReference; lastKnownFileType = wrapper.framework; name = Foundation.framework; path = System/Library/Frameworks/Foundation.framework; sourceTree = SDKROOT; };
		0FC858D517263270003A1672 /* CoreGraphics.framework */ = {isa = PBXFileReference; lastKnownFileType = wrapper.framework; name = CoreGraphics.framework; path = System/Library/Frameworks/CoreGraphics.framework; sourceTree = SDKROOT; };
		0FC858D917263270003A1672 /* zhenpinghlun-Info.plist */ = {isa = PBXFileReference; lastKnownFileType = text.plist.xml; path = "zhenpinghlun-Info.plist"; sourceTree = "<group>"; };
		0FC858DB17263270003A1672 /* en */ = {isa = PBXFileReference; lastKnownFileType = text.plist.strings; name = en; path = en.lproj/InfoPlist.strings; sourceTree = "<group>"; };
		0FC858DD17263270003A1672 /* main.m */ = {isa = PBXFileReference; lastKnownFileType = sourcecode.c.objc; path = main.m; sourceTree = "<group>"; };
		0FC858DF17263270003A1672 /* zhenpinghlun-Prefix.pch */ = {isa = PBXFileReference; lastKnownFileType = sourcecode.c.h; path = "zhenpinghlun-Prefix.pch"; sourceTree = "<group>"; };
		0FC858E017263270003A1672 /* ibkAppDelegate.h */ = {isa = PBXFileReference; lastKnownFileType = sourcecode.c.h; path = ibkAppDelegate.h; sourceTree = "<group>"; };
		0FC858E117263270003A1672 /* ibkAppDelegate.m */ = {isa = PBXFileReference; lastKnownFileType = sourcecode.c.objc; path = ibkAppDelegate.m; sourceTree = "<group>"; };
		0FC858E317263270003A1672 /* Default.png */ = {isa = PBXFileReference; lastKnownFileType = image.png; path = Default.png; sourceTree = "<group>"; };
		0FC858E517263270003A1672 /* Default@2x.png */ = {isa = PBXFileReference; lastKnownFileType = image.png; path = "Default@2x.png"; sourceTree = "<group>"; };
		0FC858E717263270003A1672 /* Default-568h@2x.png */ = {isa = PBXFileReference; lastKnownFileType = image.png; path = "Default-568h@2x.png"; sourceTree = "<group>"; };
		0FC858E917263270003A1672 /* ibkViewController.h */ = {isa = PBXFileReference; lastKnownFileType = sourcecode.c.h; path = ibkViewController.h; sourceTree = "<group>"; };
		0FC858EA17263270003A1672 /* ibkViewController.m */ = {isa = PBXFileReference; lastKnownFileType = sourcecode.c.objc; path = ibkViewController.m; sourceTree = "<group>"; };
		0FC858ED17263270003A1672 /* en */ = {isa = PBXFileReference; lastKnownFileType = file.xib; name = en; path = en.lproj/ibkViewController.xib; sourceTree = "<group>"; };
/* End PBXFileReference section */

/* Begin PBXFrameworksBuildPhase section */
		0FC858CB17263270003A1672 /* Frameworks */ = {
			isa = PBXFrameworksBuildPhase;
			buildActionMask = 2147483647;
			files = (
				0FC858D217263270003A1672 /* UIKit.framework in Frameworks */,
				0FC858D417263270003A1672 /* Foundation.framework in Frameworks */,
				0FC858D617263270003A1672 /* CoreGraphics.framework in Frameworks */,
			);
			runOnlyForDeploymentPostprocessing = 0;
		};
/* End PBXFrameworksBuildPhase section */

/* Begin PBXGroup section */
		0FC858C517263270003A1672 = {
			isa = PBXGroup;
			children = (
				0FC858D717263270003A1672 /* zhenpinghlun */,
				0FC858D017263270003A1672 /* Frameworks */,
				0FC858CF17263270003A1672 /* Products */,
			);
			sourceTree = "<group>";
		};
		0FC858CF17263270003A1672 /* Products */ = {
			isa = PBXGroup;
			children = (
				0FC858CE17263270003A1672 /* zhenpinghlun.app */,
			);
			name = Products;
			sourceTree = "<group>";
		};
		0FC858D017263270003A1672 /* Frameworks */ = {
			isa = PBXGroup;
			children = (
				0FC858D117263270003A1672 /* UIKit.framework */,
				0FC858D317263270003A1672 /* Foundation.framework */,
				0FC858D517263270003A1672 /* CoreGraphics.framework */,
			);
			name = Frameworks;
			sourceTree = "<group>";
		};
		0FC858D717263270003A1672 /* zhenpinghlun */ = {
			isa = PBXGroup;
			children = (
				0FC858E017263270003A1672 /* ibkAppDelegate.h */,
				0FC858E117263270003A1672 /* ibkAppDelegate.m */,
				0FC858E917263270003A1672 /* ibkViewController.h */,
				0FC858EA17263270003A1672 /* ibkViewController.m */,
				0FC858EC17263270003A1672 /* ibkViewController.xib */,
				0FC858D817263270003A1672 /* Supporting Files */,
			);
			path = zhenpinghlun;
			sourceTree = "<group>";
		};
		0FC858D817263270003A1672 /* Supporting Files */ = {
			isa = PBXGroup;
			children = (
				0FC858D917263270003A1672 /* zhenpinghlun-Info.plist */,
				0FC858DA17263270003A1672 /* InfoPlist.strings */,
				0FC858DD17263270003A1672 /* main.m */,
				0FC858DF17263270003A1672 /* zhenpinghlun-Prefix.pch */,
				0FC858E317263270003A1672 /* Default.png */,
				0FC858E517263270003A1672 /* Default@2x.png */,
				0FC858E717263270003A1672 /* Default-568h@2x.png */,
			);
			name = "Supporting Files";
			sourceTree = "<group>";
		};
/* End PBXGroup section */

/* Begin PBXNativeTarget section */
		0FC858CD17263270003A1672 /* zhenpinghlun */ = {
			isa = PBXNativeTarget;
			buildConfigurationList = 0FC858F117263270003A1672 /* Build configuration list for PBXNativeTarget "zhenpinghlun" */;
			buildPhases = (
				0FC858CA17263270003A1672 /* Sources */,
				0FC858CB17263270003A1672 /* Frameworks */,
				0FC858CC17263270003A1672 /* Resources */,
			);
			buildRules = (
			);
			dependencies = (
			);
			name = zhenpinghlun;
			productName = zhenpinghlun;
			productReference = 0FC858CE17263270003A1672 /* zhenpinghlun.app */;
			productType = "com.apple.product-type.application";
		};
/* End PBXNativeTarget section */

/* Begin PBXProject section */
		0FC858C617263270003A1672 /* Project object */ = {
			isa = PBXProject;
			attributes = {
				CLASSPREFIX = ibk;
				LastUpgradeCheck = 0460;
				ORGANIZATIONNAME = mengzilu;
			};
			buildConfigurationList = 0FC858C917263270003A1672 /* Build configuration list for PBXProject "zhenpinghlun" */;
			compatibilityVersion = "Xcode 3.2";
			developmentRegion = English;
			hasScannedForEncodings = 0;
			knownRegions = (
				en,
			);
			mainGroup = 0FC858C517263270003A1672;
			productRefGroup = 0FC858CF17263270003A1672 /* Products */;
			projectDirPath = "";
			projectRoot = "";
			targets = (
				0FC858CD17263270003A1672 /* zhenpinghlun */,
			);
		};
/* End PBXProject section */

/* Begin PBXResourcesBuildPhase section */
		0FC858CC17263270003A1672 /* Resources */ = {
			isa = PBXResourcesBuildPhase;
			buildActionMask = 2147483647;
			files = (
				0FC858DC17263270003A1672 /* InfoPlist.strings in Resources */,
				0FC858E417263270003A1672 /* Default.png in Resources */,
				0FC858E617263270003A1672 /* Default@2x.png in Resources */,
				0FC858E817263270003A1672 /* Default-568h@2x.png in Resources */,
				0FC858EE17263270003A1672 /* ibkViewController.xib in Resources */,
			);
			runOnlyForDeploymentPostprocessing = 0;
		};
/* End PBXResourcesBuildPhase section */

/* Begin PBXSourcesBuildPhase section */
		0FC858CA17263270003A1672 /* Sources */ = {
			isa = PBXSourcesBuildPhase;
			buildActionMask = 2147483647;
			files = (
				0FC858DE17263270003A1672 /* main.m in Sources */,
				0FC858E217263270003A1672 /* ibkAppDelegate.m in Sources */,
				0FC858EB17263270003A1672 /* ibkViewController.m in Sources */,
			);
			runOnlyForDeploymentPostprocessing = 0;
		};
/* End PBXSourcesBuildPhase section */

/* Begin PBXVariantGroup section */
		0FC858DA17263270003A1672 /* InfoPlist.strings */ = {
			isa = PBXVariantGroup;
			children = (
				0FC858DB17263270003A1672 /* en */,
			);
			name = InfoPlist.strings;
			sourceTree = "<group>";
		};
		0FC858EC17263270003A1672 /* ibkViewController.xib */ = {
			isa = PBXVariantGroup;
			children = (
				0FC858ED17263270003A1672 /* en */,
			);
			name = ibkViewController.xib;
			sourceTree = "<group>";
		};
/* End PBXVariantGroup section */

/* Begin XCBuildConfiguration section */
		0FC858EF17263270003A1672 /* Debug */ = {
			isa = XCBuildConfiguration;
			buildSettings = {
				ALWAYS_SEARCH_USER_PATHS = NO;
				CLANG_CXX_LANGUAGE_STANDARD = "gnu++0x";
				CLANG_CXX_LIBRARY = "libc++";
				CLANG_WARN_CONSTANT_CONVERSION = YES;
				CLANG_WARN_EMPTY_BODY = YES;
				CLANG_WARN_ENUM_CONVERSION = YES;
				CLANG_WARN_INT_CONVERSION = YES;
				CLANG_WARN__DUPLICATE_METHOD_MATCH = YES;
				"CODE_SIGN_IDENTITY[sdk=iphoneos*]" = "iPhone Developer";
				COPY_PHASE_STRIP = NO;
				GCC_C_LANGUAGE_STANDARD = gnu99;
				GCC_DYNAMIC_NO_PIC = NO;
				GCC_OPTIMIZATION_LEVEL = 0;
				GCC_PREPROCESSOR_DEFINITIONS = (
					"DEBUG=1",
					"$(inherited)",
				);
				GCC_SYMBOLS_PRIVATE_EXTERN = NO;
				GCC_WARN_ABOUT_RETURN_TYPE = YES;
				GCC_WARN_UNINITIALIZED_AUTOS = YES;
				GCC_WARN_UNUSED_VARIABLE = YES;
				IPHONEOS_DEPLOYMENT_TARGET = 6.1;
				ONLY_ACTIVE_ARCH = YES;
				SDKROOT = iphoneos;
			};
			name = Debug;
		};
		0FC858F017263270003A1672 /* Release */ = {
			isa = XCBuildConfiguration;
			buildSettings = {
				ALWAYS_SEARCH_USER_PATHS = NO;
				CLANG_CXX_LANGUAGE_STANDARD = "gnu++0x";
				CLANG_CXX_LIBRARY = "libc++";
				CLANG_WARN_CONSTANT_CONVERSION = YES;
				CLANG_WARN_EMPTY_BODY = YES;
				CLANG_WARN_ENUM_CONVERSION = YES;
				CLANG_WARN_INT_CONVERSION = YES;
				CLANG_WARN__DUPLICATE_METHOD_MATCH = YES;
				"CODE_SIGN_IDENTITY[sdk=iphoneos*]" = "iPhone Developer";
				COPY_PHASE_STRIP = YES;
				GCC_C_LANGUAGE_STANDARD = gnu99;
				GCC_WARN_ABOUT_RETURN_TYPE = YES;
				GCC_WARN_UNINITIALIZED_AUTOS = YES;
				GCC_WARN_UNUSED_VARIABLE = YES;
				IPHONEOS_DEPLOYMENT_TARGET = 6.1;
				OTHER_CFLAGS = "-DNS_BLOCK_ASSERTIONS=1";
				SDKROOT = iphoneos;
				VALIDATE_PRODUCT = YES;
			};
			name = Release;
		};
		0FC858F217263270003A1672 /* Debug */ = {
			isa = XCBuildConfiguration;
			buildSettings = {
				GCC_PRECOMPILE_PREFIX_HEADER = YES;
				GCC_PREFIX_HEADER = "zhenpinghlun/zhenpinghlun-Prefix.pch";
				INFOPLIST_FILE = "zhenpinghlun/zhenpinghlun-Info.plist";
				PRODUCT_NAME = "$(TARGET_NAME)";
				WRAPPER_EXTENSION = app;
			};
			name = Debug;
		};
		0FC858F317263270003A1672 /* Release */ = {
			isa = XCBuildConfiguration;
			buildSettings = {
				GCC_PRECOMPILE_PREFIX_HEADER = YES;
				GCC_PREFIX_HEADER = "zhenpinghlun/zhenpinghlun-Prefix.pch";
				INFOPLIST_FILE = "zhenpinghlun/zhenpinghlun-Info.plist";
				PRODUCT_NAME = "$(TARGET_NAME)";
				WRAPPER_EXTENSION = app;
			};
			name = Release;
		};
/* End XCBuildConfiguration section */

/* Begin XCConfigurationList section */
		0FC858C917263270003A1672 /* Build configuration list for PBXProject "zhenpinghlun" */ = {
			isa = XCConfigurationList;
			buildConfigurations = (
				0FC858EF17263270003A1672 /* Debug */,
				0FC858F017263270003A1672 /* Release */,
			);
			defaultConfigurationIsVisible = 0;
			defaultConfigurationName = Release;
		};
		0FC858F117263270003A1672 /* Build configuration list for PBXNativeTarget "zhenpinghlun" */ = {
			isa = XCConfigurationList;
			buildConfigurations = (
				0FC858F217263270003A1672 /* Debug */,
				0FC858F317263270003A1672 /* Release */,
			);
			defaultConfigurationIsVisible = 0;
		};
/* End XCConfigurationList section */
	};
	rootObject = 0FC858C617263270003A1672 /* Project object */;
}
